{
	"name": "unhype-tcp",
	"version": "1.0.0",
	"lockfileVersion": 3,
	"requires": true,
	"packages": {
		"": {
			"name": "unhype-tcp",
			"devDependencies": {
				"@types/bun": "latest"
			},
			"peerDependencies": {
				"typescript": "^5"
			}
		},
		"node_modules/@types/bun": {
			"version": "1.2.15",
			"resolved": "https://registry.npmjs.org/@types/bun/-/bun-1.2.15.tgz",
			"integrity": "sha512-U1ljPdBEphF0nw1MIk0hI7kPg7dFdPyM7EenHsp6W5loNHl7zqy6JQf/RKCgnUn2KDzUpkBwHPnEJEjII594bA==",
			"dev": true,
			"license": "MIT",
			"dependencies": {
				"bun-types": "1.2.15"
			}
		},
		"node_modules/@types/node": {
			"version": "22.15.29",
			"dev": true,
			"license": "MIT",
			"dependencies": {
				"undici-types": "~6.21.0"
			}
		},
		"node_modules/bun-types": {
			"version": "1.2.15",
			"dev": true,
			"license": "MIT",
			"dependencies": {
				"@types/node": "*"
			}
		},
		"node_modules/typescript": {
			"version": "5.8.3",
			"license": "Apache-2.0",
			"peer": true,
			"bin": {
				"tsc": "bin/tsc",
				"tsserver": "bin/tsserver"
			},
			"engines": {
				"node": ">=14.17"
			}
		},
		"node_modules/undici-types": {
			"version": "6.21.0",
			"dev": true,
			"license": "MIT"
		}
	}
}
